
Microsoft Visual Studio Solution File, Format Version 12.00
# Visual Studio Version 17
VisualStudioVersion = 17.5.33627.172
MinimumVisualStudioVersion = 10.0.40219.1
Project("{FAE04EC0-301F-11D3-BF4B-00C04F79EFBC}") = "ClientConnectFour", "ClientConnectFour\ClientConnectFour.csproj", "{A19DF82A-A377-44D8-A9CB-34ED304AD053}"
EndProject
Global
	GlobalSection(SolutionConfigurationPlatforms) = preSolution
		Debug|Any CPU = Debug|Any CPU
		Release|Any CPU = Release|Any CPU
	EndGlobalSection
	GlobalSection(ProjectConfigurationPlatforms) = postSolution
		{A19DF82A-A377-44D8-A9CB-34ED304AD053}.Debug|Any CPU.ActiveCfg = Debug|Any CPU
		{A19DF82A-A377-44D8-A9CB-34ED304AD053}.Debug|Any CPU.Build.0 = Debug|Any CPU
		{A19DF82A-A377-44D8-A9CB-34ED304AD053}.Release|Any CPU.ActiveCfg = Release|Any CPU
		{A19DF82A-A377-44D8-A9CB-34ED304AD053}.Release|Any CPU.Build.0 = Release|Any CPU
	EndGlobalSection
	GlobalSection(SolutionProperties) = preSolution
		HideSolutionNode = FALSE
	EndGlobalSection
	GlobalSection(ExtensibilityGlobals) = postSolution
		SolutionGuid = {660138F8-AA1B-412D-A355-36CFAD3155DC}
	EndGlobalSection
EndGlobal
